// !$*UTF8*$!
{
	archiveVersion = 1;
	classes = {
	};
	objectVersion = 56;
	objects = {

/* Begin PBXBuildFile section */
		996C52D82CAEBFB000B358CB /* FavoriteButton.swift in Sources */ = {isa = PBXBuildFile; fileRef = 996C52D72CAEBFB000B358CB /* FavoriteButton.swift */; };
		996C52DC2CB07F0E00B358CB /* HexagonParameters.swift in Sources */ = {isa = PBXBuildFile; fileRef = 996C52DB2CB07F0E00B358CB /* HexagonParameters.swift */; };
		996C52DE2CB080F000B358CB /* BadgeBackground.swift in Sources */ = {isa = PBXBuildFile; fileRef = 996C52DD2CB080F000B358CB /* BadgeBackground.swift */; };
		996C52E02CB0BA0300B358CB /* BadgeSymbol.swift in Sources */ = {isa = PBXBuildFile; fileRef = 996C52DF2CB0BA0300B358CB /* BadgeSymbol.swift */; };
		996C52E22CB0BC3700B358CB /* RotatedBadgeSymbol.swift in Sources */ = {isa = PBXBuildFile; fileRef = 996C52E12CB0BC3700B358CB /* RotatedBadgeSymbol.swift */; };
		996C52E42CB0BFFD00B358CB /* Badge.swift in Sources */ = {isa = PBXBuildFile; fileRef = 996C52E32CB0BFFD00B358CB /* Badge.swift */; };
		99BE55AC2CA78E2600F3DAB6 /* SpotzApp.swift in Sources */ = {isa = PBXBuildFile; fileRef = 99BE55AB2CA78E2600F3DAB6 /* SpotzApp.swift */; };
		99BE55AE2CA78E2600F3DAB6 /* ContentView.swift in Sources */ = {isa = PBXBuildFile; fileRef = 99BE55AD2CA78E2600F3DAB6 /* ContentView.swift */; };
		99BE55B02CA78E2800F3DAB6 /* Assets.xcassets in Resources */ = {isa = PBXBuildFile; fileRef = 99BE55AF2CA78E2800F3DAB6 /* Assets.xcassets */; };
		99BE55B32CA78E2800F3DAB6 /* Preview Assets.xcassets in Resources */ = {isa = PBXBuildFile; fileRef = 99BE55B22CA78E2800F3DAB6 /* Preview Assets.xcassets */; };
		99BE55BE2CAAED5E00F3DAB6 /* CircleImage.swift in Sources */ = {isa = PBXBuildFile; fileRef = 99BE55BD2CAAED5E00F3DAB6 /* CircleImage.swift */; };
		99BE55C02CAAEEB200F3DAB6 /* MapView.swift in Sources */ = {isa = PBXBuildFile; fileRef = 99BE55BF2CAAEEB200F3DAB6 /* MapView.swift */; };
		99BE55C22CAC800E00F3DAB6 /* parkData.json in Resources */ = {isa = PBXBuildFile; fileRef = 99BE55C12CAC800E00F3DAB6 /* parkData.json */; };
		99BE55C42CAC829100F3DAB6 /* Spot.swift in Sources */ = {isa = PBXBuildFile; fileRef = 99BE55C32CAC829100F3DAB6 /* Spot.swift */; };
		99BE55C62CAC847700F3DAB6 /* ModelData.swift in Sources */ = {isa = PBXBuildFile; fileRef = 99BE55C52CAC847700F3DAB6 /* ModelData.swift */; };
		99BE55CB2CAC94A100F3DAB6 /* SpotRow.swift in Sources */ = {isa = PBXBuildFile; fileRef = 99BE55CA2CAC94A100F3DAB6 /* SpotRow.swift */; };
		99BE55CD2CAC95CE00F3DAB6 /* SpotList.swift in Sources */ = {isa = PBXBuildFile; fileRef = 99BE55CC2CAC95CE00F3DAB6 /* SpotList.swift */; };
		99BE55CF2CAC965100F3DAB6 /* SpotDetail.swift in Sources */ = {isa = PBXBuildFile; fileRef = 99BE55CE2CAC965100F3DAB6 /* SpotDetail.swift */; };
		99D606A12CB1B7E2004088E2 /* Hike.swift in Sources */ = {isa = PBXBuildFile; fileRef = 99D606A02CB1B7E2004088E2 /* Hike.swift */; };
		99D606A32CB1B88C004088E2 /* hikeData.json in Resources */ = {isa = PBXBuildFile; fileRef = 99D606A22CB1B88C004088E2 /* hikeData.json */; };
		99D606A92CB1BA14004088E2 /* GraphCapsule.swift in Sources */ = {isa = PBXBuildFile; fileRef = 99D606A42CB1BA14004088E2 /* GraphCapsule.swift */; };
		99D606AA2CB1BA14004088E2 /* HikeDetail.swift in Sources */ = {isa = PBXBuildFile; fileRef = 99D606A52CB1BA14004088E2 /* HikeDetail.swift */; };
		99D606AB2CB1BA14004088E2 /* HikeGraph.swift in Sources */ = {isa = PBXBuildFile; fileRef = 99D606A62CB1BA14004088E2 /* HikeGraph.swift */; };
		99D606AC2CB1BA14004088E2 /* HikeView.swift in Sources */ = {isa = PBXBuildFile; fileRef = 99D606A72CB1BA14004088E2 /* HikeView.swift */; };
/* End PBXBuildFile section */

/* Begin PBXFileReference section */
		996C52D72CAEBFB000B358CB /* FavoriteButton.swift */ = {isa = PBXFileReference; lastKnownFileType = sourcecode.swift; path = FavoriteButton.swift; sourceTree = "<group>"; };
		996C52DB2CB07F0E00B358CB /* HexagonParameters.swift */ = {isa = PBXFileReference; lastKnownFileType = sourcecode.swift; path = HexagonParameters.swift; sourceTree = "<group>"; };
		996C52DD2CB080F000B358CB /* BadgeBackground.swift */ = {isa = PBXFileReference; lastKnownFileType = sourcecode.swift; path = BadgeBackground.swift; sourceTree = "<group>"; };
		996C52DF2CB0BA0300B358CB /* BadgeSymbol.swift */ = {isa = PBXFileReference; lastKnownFileType = sourcecode.swift; path = BadgeSymbol.swift; sourceTree = "<group>"; };
		996C52E12CB0BC3700B358CB /* RotatedBadgeSymbol.swift */ = {isa = PBXFileReference; lastKnownFileType = sourcecode.swift; path = RotatedBadgeSymbol.swift; sourceTree = "<group>"; };
		996C52E32CB0BFFD00B358CB /* Badge.swift */ = {isa = PBXFileReference; lastKnownFileType = sourcecode.swift; path = Badge.swift; sourceTree = "<group>"; };
		99BE55A82CA78E2600F3DAB6 /* Spotz.app */ = {isa = PBXFileReference; explicitFileType = wrapper.application; includeInIndex = 0; path = Spotz.app; sourceTree = BUILT_PRODUCTS_DIR; };
		99BE55AB2CA78E2600F3DAB6 /* SpotzApp.swift */ = {isa = PBXFileReference; lastKnownFileType = sourcecode.swift; path = SpotzApp.swift; sourceTree = "<group>"; };
		99BE55AD2CA78E2600F3DAB6 /* ContentView.swift */ = {isa = PBXFileReference; lastKnownFileType = sourcecode.swift; path = ContentView.swift; sourceTree = "<group>"; };
		99BE55AF2CA78E2800F3DAB6 /* Assets.xcassets */ = {isa = PBXFileReference; lastKnownFileType = folder.assetcatalog; path = Assets.xcassets; sourceTree = "<group>"; };
		99BE55B22CA78E2800F3DAB6 /* Preview Assets.xcassets */ = {isa = PBXFileReference; lastKnownFileType = folder.assetcatalog; path = "Preview Assets.xcassets"; sourceTree = "<group>"; };
		99BE55BD2CAAED5E00F3DAB6 /* CircleImage.swift */ = {isa = PBXFileReference; lastKnownFileType = sourcecode.swift; path = CircleImage.swift; sourceTree = "<group>"; };
		99BE55BF2CAAEEB200F3DAB6 /* MapView.swift */ = {isa = PBXFileReference; lastKnownFileType = sourcecode.swift; path = MapView.swift; sourceTree = "<group>"; };
		99BE55C12CAC800E00F3DAB6 /* parkData.json */ = {isa = PBXFileReference; fileEncoding = 4; lastKnownFileType = text.json; path = parkData.json; sourceTree = "<group>"; };
		99BE55C32CAC829100F3DAB6 /* Spot.swift */ = {isa = PBXFileReference; lastKnownFileType = sourcecode.swift; path = Spot.swift; sourceTree = "<group>"; };
		99BE55C52CAC847700F3DAB6 /* ModelData.swift */ = {isa = PBXFileReference; lastKnownFileType = sourcecode.swift; path = ModelData.swift; sourceTree = "<group>"; };
		99BE55CA2CAC94A100F3DAB6 /* SpotRow.swift */ = {isa = PBXFileReference; lastKnownFileType = sourcecode.swift; path = SpotRow.swift; sourceTree = "<group>"; };
		99BE55CC2CAC95CE00F3DAB6 /* SpotList.swift */ = {isa = PBXFileReference; lastKnownFileType = sourcecode.swift; path = SpotList.swift; sourceTree = "<group>"; };
		99BE55CE2CAC965100F3DAB6 /* SpotDetail.swift */ = {isa = PBXFileReference; lastKnownFileType = sourcecode.swift; path = SpotDetail.swift; sourceTree = "<group>"; };
		99D606A02CB1B7E2004088E2 /* Hike.swift */ = {isa = PBXFileReference; lastKnownFileType = sourcecode.swift; path = Hike.swift; sourceTree = "<group>"; };
		99D606A22CB1B88C004088E2 /* hikeData.json */ = {isa = PBXFileReference; fileEncoding = 4; lastKnownFileType = text.json; path = hikeData.json; sourceTree = "<group>"; };
		99D606A42CB1BA14004088E2 /* GraphCapsule.swift */ = {isa = PBXFileReference; fileEncoding = 4; lastKnownFileType = sourcecode.swift; path = GraphCapsule.swift; sourceTree = "<group>"; };
		99D606A52CB1BA14004088E2 /* HikeDetail.swift */ = {isa = PBXFileReference; fileEncoding = 4; lastKnownFileType = sourcecode.swift; path = HikeDetail.swift; sourceTree = "<group>"; };
		99D606A62CB1BA14004088E2 /* HikeGraph.swift */ = {isa = PBXFileReference; fileEncoding = 4; lastKnownFileType = sourcecode.swift; path = HikeGraph.swift; sourceTree = "<group>"; };
		99D606A72CB1BA14004088E2 /* HikeView.swift */ = {isa = PBXFileReference; fileEncoding = 4; lastKnownFileType = sourcecode.swift; path = HikeView.swift; sourceTree = "<group>"; };
/* End PBXFileReference section */

/* Begin PBXFrameworksBuildPhase section */
		99BE55A52CA78E2600F3DAB6 /* Frameworks */ = {
			isa = PBXFrameworksBuildPhase;
			buildActionMask = 2147483647;
			files = (
			);
			runOnlyForDeploymentPostprocessing = 0;
		};
/* End PBXFrameworksBuildPhase section */

/* Begin PBXGroup section */
		996C52D92CAEC02900B358CB /* Helper */ = {
			isa = PBXGroup;
			children = (
				99BE55BD2CAAED5E00F3DAB6 /* CircleImage.swift */,
				99BE55BF2CAAEEB200F3DAB6 /* MapView.swift */,
				996C52D72CAEBFB000B358CB /* FavoriteButton.swift */,
			);
			path = Helper;
			sourceTree = "<group>";
		};
		996C52DA2CAEC03400B358CB /* Spotz */ = {
			isa = PBXGroup;
			children = (
				99BE55CA2CAC94A100F3DAB6 /* SpotRow.swift */,
				99BE55CC2CAC95CE00F3DAB6 /* SpotList.swift */,
				99BE55CE2CAC965100F3DAB6 /* SpotDetail.swift */,
			);
			path = Spotz;
			sourceTree = "<group>";
		};
		996C52E52CB0C11900B358CB /* Badges */ = {
			isa = PBXGroup;
			children = (
				996C52DB2CB07F0E00B358CB /* HexagonParameters.swift */,
				996C52DD2CB080F000B358CB /* BadgeBackground.swift */,
				996C52DF2CB0BA0300B358CB /* BadgeSymbol.swift */,
				996C52E12CB0BC3700B358CB /* RotatedBadgeSymbol.swift */,
				996C52E32CB0BFFD00B358CB /* Badge.swift */,
			);
			path = Badges;
			sourceTree = "<group>";
		};
		99BE559F2CA78E2600F3DAB6 = {
			isa = PBXGroup;
			children = (
				99BE55AA2CA78E2600F3DAB6 /* Spotz */,
				99BE55A92CA78E2600F3DAB6 /* Products */,
			);
			sourceTree = "<group>";
		};
		99BE55A92CA78E2600F3DAB6 /* Products */ = {
			isa = PBXGroup;
			children = (
				99BE55A82CA78E2600F3DAB6 /* Spotz.app */,
			);
			name = Products;
			sourceTree = "<group>";
		};
		99BE55AA2CA78E2600F3DAB6 /* Spotz */ = {
			isa = PBXGroup;
			children = (
				99BE55AB2CA78E2600F3DAB6 /* SpotzApp.swift */,
				99BE55C72CAC856600F3DAB6 /* Views */,
				99BE55AF2CA78E2800F3DAB6 /* Assets.xcassets */,
				99BE55C82CAC857B00F3DAB6 /* Model */,
				99BE55C92CAC858500F3DAB6 /* Resources */,
				99BE55B12CA78E2800F3DAB6 /* Preview Content */,
			);
			path = Spotz;
			sourceTree = "<group>";
		};
		99BE55B12CA78E2800F3DAB6 /* Preview Content */ = {
			isa = PBXGroup;
			children = (
				99BE55B22CA78E2800F3DAB6 /* Preview Assets.xcassets */,
			);
			path = "Preview Content";
			sourceTree = "<group>";
		};
		99BE55C72CAC856600F3DAB6 /* Views */ = {
			isa = PBXGroup;
			children = (
				99BE55AD2CA78E2600F3DAB6 /* ContentView.swift */,
				99D606A82CB1BA14004088E2 /* Hikes */,
				996C52E52CB0C11900B358CB /* Badges */,
				996C52D92CAEC02900B358CB /* Helper */,
				996C52DA2CAEC03400B358CB /* Spotz */,
			);
			path = Views;
			sourceTree = "<group>";
		};
		99BE55C82CAC857B00F3DAB6 /* Model */ = {
			isa = PBXGroup;
			children = (
				99BE55C32CAC829100F3DAB6 /* Spot.swift */,
				99D606A02CB1B7E2004088E2 /* Hike.swift */,
				99BE55C52CAC847700F3DAB6 /* ModelData.swift */,
			);
			path = Model;
			sourceTree = "<group>";
		};
		99BE55C92CAC858500F3DAB6 /* Resources */ = {
			isa = PBXGroup;
			children = (
				99D606A22CB1B88C004088E2 /* hikeData.json */,
				99BE55C12CAC800E00F3DAB6 /* parkData.json */,
			);
			path = Resources;
			sourceTree = "<group>";
		};
		99D606A82CB1BA14004088E2 /* Hikes */ = {
			isa = PBXGroup;
			children = (
				99D606A42CB1BA14004088E2 /* GraphCapsule.swift */,
				99D606A52CB1BA14004088E2 /* HikeDetail.swift */,
				99D606A62CB1BA14004088E2 /* HikeGraph.swift */,
				99D606A72CB1BA14004088E2 /* HikeView.swift */,
			);
			path = Hikes;
			sourceTree = "<group>";
		};
/* End PBXGroup section */

/* Begin PBXNativeTarget section */
		99BE55A72CA78E2600F3DAB6 /* Spotz */ = {
			isa = PBXNativeTarget;
			buildConfigurationList = 99BE55B62CA78E2800F3DAB6 /* Build configuration list for PBXNativeTarget "Spotz" */;
			buildPhases = (
				99BE55A42CA78E2600F3DAB6 /* Sources */,
				99BE55A52CA78E2600F3DAB6 /* Frameworks */,
				99BE55A62CA78E2600F3DAB6 /* Resources */,
			);
			buildRules = (
			);
			dependencies = (
			);
			name = Spotz;
			productName = Spotz;
			productReference = 99BE55A82CA78E2600F3DAB6 /* Spotz.app */;
			productType = "com.apple.product-type.application";
		};
/* End PBXNativeTarget section */

/* Begin PBXProject section */
		99BE55A02CA78E2600F3DAB6 /* Project object */ = {
			isa = PBXProject;
			attributes = {
				BuildIndependentTargetsInParallel = 1;
				LastSwiftUpdateCheck = 1540;
				LastUpgradeCheck = 1540;
				TargetAttributes = {
					99BE55A72CA78E2600F3DAB6 = {
						CreatedOnToolsVersion = 15.4;
					};
				};
			};
			buildConfigurationList = 99BE55A32CA78E2600F3DAB6 /* Build configuration list for PBXProject "Spotz" */;
			compatibilityVersion = "Xcode 14.0";
			developmentRegion = en;
			hasScannedForEncodings = 0;
			knownRegions = (
				en,
				Base,
			);
			mainGroup = 99BE559F2CA78E2600F3DAB6;
			productRefGroup = 99BE55A92CA78E2600F3DAB6 /* Products */;
			projectDirPath = "";
			projectRoot = "";
			targets = (
				99BE55A72CA78E2600F3DAB6 /* Spotz */,
			);
		};
/* End PBXProject section */

/* Begin PBXResourcesBuildPhase section */
		99BE55A62CA78E2600F3DAB6 /* Resources */ = {
			isa = PBXResourcesBuildPhase;
			buildActionMask = 2147483647;
			files = (
				99BE55B32CA78E2800F3DAB6 /* Preview Assets.xcassets in Resources */,
				99BE55C22CAC800E00F3DAB6 /* parkData.json in Resources */,
				99D606A32CB1B88C004088E2 /* hikeData.json in Resources */,
				99BE55B02CA78E2800F3DAB6 /* Assets.xcassets in Resources */,
			);
			runOnlyForDeploymentPostprocessing = 0;
		};
/* End PBXResourcesBuildPhase section */

/* Begin PBXSourcesBuildPhase section */
		99BE55A42CA78E2600F3DAB6 /* Sources */ = {
			isa = PBXSourcesBuildPhase;
			buildActionMask = 2147483647;
			files = (
				99D606A12CB1B7E2004088E2 /* Hike.swift in Sources */,
				99BE55AE2CA78E2600F3DAB6 /* ContentView.swift in Sources */,
				996C52E42CB0BFFD00B358CB /* Badge.swift in Sources */,
				99D606A92CB1BA14004088E2 /* GraphCapsule.swift in Sources */,
				99D606AB2CB1BA14004088E2 /* HikeGraph.swift in Sources */,
				99BE55C02CAAEEB200F3DAB6 /* MapView.swift in Sources */,
				99BE55C42CAC829100F3DAB6 /* Spot.swift in Sources */,
				996C52D82CAEBFB000B358CB /* FavoriteButton.swift in Sources */,
				996C52DC2CB07F0E00B358CB /* HexagonParameters.swift in Sources */,
				996C52E22CB0BC3700B358CB /* RotatedBadgeSymbol.swift in Sources */,
				996C52E02CB0BA0300B358CB /* BadgeSymbol.swift in Sources */,
				99BE55CF2CAC965100F3DAB6 /* SpotDetail.swift in Sources */,
				99D606AA2CB1BA14004088E2 /* HikeDetail.swift in Sources */,
				99D606AC2CB1BA14004088E2 /* HikeView.swift in Sources */,
				99BE55CD2CAC95CE00F3DAB6 /* SpotList.swift in Sources */,
				996C52DE2CB080F000B358CB /* BadgeBackground.swift in Sources */,
				99BE55AC2CA78E2600F3DAB6 /* SpotzApp.swift in Sources */,
				99BE55CB2CAC94A100F3DAB6 /* SpotRow.swift in Sources */,
				99BE55BE2CAAED5E00F3DAB6 /* CircleImage.swift in Sources */,
				99BE55C62CAC847700F3DAB6 /* ModelData.swift in Sources */,
			);
			runOnlyForDeploymentPostprocessing = 0;
		};
/* End PBXSourcesBuildPhase section */

/* Begin XCBuildConfiguration section */
		99BE55B42CA78E2800F3DAB6 /* Debug */ = {
			isa = XCBuildConfiguration;
			buildSettings = {
				ALWAYS_SEARCH_USER_PATHS = NO;
				ASSETCATALOG_COMPILER_GENERATE_SWIFT_ASSET_SYMBOL_EXTENSIONS = YES;
				CLANG_ANALYZER_NONNULL = YES;
				CLANG_ANALYZER_NUMBER_OBJECT_CONVERSION = YES_AGGRESSIVE;
				CLANG_CXX_LANGUAGE_STANDARD = "gnu++20";
				CLANG_ENABLE_MODULES = YES;
				CLANG_ENABLE_OBJC_ARC = YES;
				CLANG_ENABLE_OBJC_WEAK = YES;
				CLANG_WARN_BLOCK_CAPTURE_AUTORELEASING = YES;
				CLANG_WARN_BOOL_CONVERSION = YES;
				CLANG_WARN_COMMA = YES;
				CLANG_WARN_CONSTANT_CONVERSION = YES;
				CLANG_WARN_DEPRECATED_OBJC_IMPLEMENTATIONS = YES;
				CLANG_WARN_DIRECT_OBJC_ISA_USAGE = YES_ERROR;
				CLANG_WARN_DOCUMENTATION_COMMENTS = YES;
				CLANG_WARN_EMPTY_BODY = YES;
				CLANG_WARN_ENUM_CONVERSION = YES;
				CLANG_WARN_INFINITE_RECURSION = YES;
				CLANG_WARN_INT_CONVERSION = YES;
				CLANG_WARN_NON_LITERAL_NULL_CONVERSION = YES;
				CLANG_WARN_OBJC_IMPLICIT_RETAIN_SELF = YES;
				CLANG_WARN_OBJC_LITERAL_CONVERSION = YES;
				CLANG_WARN_OBJC_ROOT_CLASS = YES_ERROR;
				CLANG_WARN_QUOTED_INCLUDE_IN_FRAMEWORK_HEADER = YES;
				CLANG_WARN_RANGE_LOOP_ANALYSIS = YES;
				CLANG_WARN_STRICT_PROTOTYPES = YES;
				CLANG_WARN_SUSPICIOUS_MOVE = YES;
				CLANG_WARN_UNGUARDED_AVAILABILITY = YES_AGGRESSIVE;
				CLANG_WARN_UNREACHABLE_CODE = YES;
				CLANG_WARN__DUPLICATE_METHOD_MATCH = YES;
				COPY_PHASE_STRIP = NO;
				DEBUG_INFORMATION_FORMAT = dwarf;
				ENABLE_STRICT_OBJC_MSGSEND = YES;
				ENABLE_TESTABILITY = YES;
				ENABLE_USER_SCRIPT_SANDBOXING = YES;
				GCC_C_LANGUAGE_STANDARD = gnu17;
				GCC_DYNAMIC_NO_PIC = NO;
				GCC_NO_COMMON_BLOCKS = YES;
				GCC_OPTIMIZATION_LEVEL = 0;
				GCC_PREPROCESSOR_DEFINITIONS = (
					"DEBUG=1",
					"$(inherited)",
				);
				GCC_WARN_64_TO_32_BIT_CONVERSION = YES;
				GCC_WARN_ABOUT_RETURN_TYPE = YES_ERROR;
				GCC_WARN_UNDECLARED_SELECTOR = YES;
				GCC_WARN_UNINITIALIZED_AUTOS = YES_AGGRESSIVE;
				GCC_WARN_UNUSED_FUNCTION = YES;
				GCC_WARN_UNUSED_VARIABLE = YES;
				IPHONEOS_DEPLOYMENT_TARGET = 17.5;
				LOCALIZATION_PREFERS_STRING_CATALOGS = YES;
				MTL_ENABLE_DEBUG_INFO = INCLUDE_SOURCE;
				MTL_FAST_MATH = YES;
				ONLY_ACTIVE_ARCH = YES;
				SDKROOT = iphoneos;
				SWIFT_ACTIVE_COMPILATION_CONDITIONS = "DEBUG $(inherited)";
				SWIFT_OPTIMIZATION_LEVEL = "-Onone";
			};
			name = Debug;
		};
		99BE55B52CA78E2800F3DAB6 /* Release */ = {
			isa = XCBuildConfiguration;
			buildSettings = {
				ALWAYS_SEARCH_USER_PATHS = NO;
				ASSETCATALOG_COMPILER_GENERATE_SWIFT_ASSET_SYMBOL_EXTENSIONS = YES;
				CLANG_ANALYZER_NONNULL = YES;
				CLANG_ANALYZER_NUMBER_OBJECT_CONVERSION = YES_AGGRESSIVE;
				CLANG_CXX_LANGUAGE_STANDARD = "gnu++20";
				CLANG_ENABLE_MODULES = YES;
				CLANG_ENABLE_OBJC_ARC = YES;
				CLANG_ENABLE_OBJC_WEAK = YES;
				CLANG_WARN_BLOCK_CAPTURE_AUTORELEASING = YES;
				CLANG_WARN_BOOL_CONVERSION = YES;
				CLANG_WARN_COMMA = YES;
				CLANG_WARN_CONSTANT_CONVERSION = YES;
				CLANG_WARN_DEPRECATED_OBJC_IMPLEMENTATIONS = YES;
				CLANG_WARN_DIRECT_OBJC_ISA_USAGE = YES_ERROR;
				CLANG_WARN_DOCUMENTATION_COMMENTS = YES;
				CLANG_WARN_EMPTY_BODY = YES;
				CLANG_WARN_ENUM_CONVERSION = YES;
				CLANG_WARN_INFINITE_RECURSION = YES;
				CLANG_WARN_INT_CONVERSION = YES;
				CLANG_WARN_NON_LITERAL_NULL_CONVERSION = YES;
				CLANG_WARN_OBJC_IMPLICIT_RETAIN_SELF = YES;
				CLANG_WARN_OBJC_LITERAL_CONVERSION = YES;
				CLANG_WARN_OBJC_ROOT_CLASS = YES_ERROR;
				CLANG_WARN_QUOTED_INCLUDE_IN_FRAMEWORK_HEADER = YES;
				CLANG_WARN_RANGE_LOOP_ANALYSIS = YES;
				CLANG_WARN_STRICT_PROTOTYPES = YES;
				CLANG_WARN_SUSPICIOUS_MOVE = YES;
				CLANG_WARN_UNGUARDED_AVAILABILITY = YES_AGGRESSIVE;
				CLANG_WARN_UNREACHABLE_CODE = YES;
				CLANG_WARN__DUPLICATE_METHOD_MATCH = YES;
				COPY_PHASE_STRIP = NO;
				DEBUG_INFORMATION_FORMAT = "dwarf-with-dsym";
				ENABLE_NS_ASSERTIONS = NO;
				ENABLE_STRICT_OBJC_MSGSEND = YES;
				ENABLE_USER_SCRIPT_SANDBOXING = YES;
				GCC_C_LANGUAGE_STANDARD = gnu17;
				GCC_NO_COMMON_BLOCKS = YES;
				GCC_WARN_64_TO_32_BIT_CONVERSION = YES;
				GCC_WARN_ABOUT_RETURN_TYPE = YES_ERROR;
				GCC_WARN_UNDECLARED_SELECTOR = YES;
				GCC_WARN_UNINITIALIZED_AUTOS = YES_AGGRESSIVE;
				GCC_WARN_UNUSED_FUNCTION = YES;
				GCC_WARN_UNUSED_VARIABLE = YES;
				IPHONEOS_DEPLOYMENT_TARGET = 17.5;
				LOCALIZATION_PREFERS_STRING_CATALOGS = YES;
				MTL_ENABLE_DEBUG_INFO = NO;
				MTL_FAST_MATH = YES;
				SDKROOT = iphoneos;
				SWIFT_COMPILATION_MODE = wholemodule;
				VALIDATE_PRODUCT = YES;
			};
			name = Release;
		};
		99BE55B72CA78E2800F3DAB6 /* Debug */ = {
			isa = XCBuildConfiguration;
			buildSettings = {
				ASSETCATALOG_COMPILER_APPICON_NAME = AppIcon;
				ASSETCATALOG_COMPILER_GLOBAL_ACCENT_COLOR_NAME = AccentColor;
				CODE_SIGN_STYLE = Automatic;
				CURRENT_PROJECT_VERSION = 1;
				DEVELOPMENT_ASSET_PATHS = "\"Spotz/Preview Content\"";
				DEVELOPMENT_TEAM = 5Q3CLN5Y6Q;
				ENABLE_PREVIEWS = YES;
				GENERATE_INFOPLIST_FILE = YES;
				INFOPLIST_KEY_UIApplicationSceneManifest_Generation = YES;
				INFOPLIST_KEY_UIApplicationSupportsIndirectInputEvents = YES;
				INFOPLIST_KEY_UILaunchScreen_Generation = YES;
				INFOPLIST_KEY_UISupportedInterfaceOrientations_iPad = "UIInterfaceOrientationPortrait UIInterfaceOrientationPortraitUpsideDown UIInterfaceOrientationLandscapeLeft UIInterfaceOrientationLandscapeRight";
				INFOPLIST_KEY_UISupportedInterfaceOrientations_iPhone = "UIInterfaceOrientationPortrait UIInterfaceOrientationLandscapeLeft UIInterfaceOrientationLandscapeRight";
				LD_RUNPATH_SEARCH_PATHS = (
					"$(inherited)",
					"@executable_path/Frameworks",
				);
				MARKETING_VERSION = 1.0;
				PRODUCT_BUNDLE_IDENTIFIER = FullMetalFistApps.Spotz;
				PRODUCT_NAME = "$(TARGET_NAME)";
				SWIFT_EMIT_LOC_STRINGS = YES;
				SWIFT_VERSION = 5.0;
				TARGETED_DEVICE_FAMILY = "1,2";
			};
			name = Debug;
		};
		99BE55B82CA78E2800F3DAB6 /* Release */ = {
			isa = XCBuildConfiguration;
			buildSettings = {
				ASSETCATALOG_COMPILER_APPICON_NAME = AppIcon;
				ASSETCATALOG_COMPILER_GLOBAL_ACCENT_COLOR_NAME = AccentColor;
				CODE_SIGN_STYLE = Automatic;
				CURRENT_PROJECT_VERSION = 1;
				DEVELOPMENT_ASSET_PATHS = "\"Spotz/Preview Content\"";
				DEVELOPMENT_TEAM = 5Q3CLN5Y6Q;
				ENABLE_PREVIEWS = YES;
				GENERATE_INFOPLIST_FILE = YES;
				INFOPLIST_KEY_UIApplicationSceneManifest_Generation = YES;
				INFOPLIST_KEY_UIApplicationSupportsIndirectInputEvents = YES;
				INFOPLIST_KEY_UILaunchScreen_Generation = YES;
				INFOPLIST_KEY_UISupportedInterfaceOrientations_iPad = "UIInterfaceOrientationPortrait UIInterfaceOrientationPortraitUpsideDown UIInterfaceOrientationLandscapeLeft UIInterfaceOrientationLandscapeRight";
				INFOPLIST_KEY_UISupportedInterfaceOrientations_iPhone = "UIInterfaceOrientationPortrait UIInterfaceOrientationLandscapeLeft UIInterfaceOrientationLandscapeRight";
				LD_RUNPATH_SEARCH_PATHS = (
					"$(inherited)",
					"@executable_path/Frameworks",
				);
				MARKETING_VERSION = 1.0;
				PRODUCT_BUNDLE_IDENTIFIER = FullMetalFistApps.Spotz;
				PRODUCT_NAME = "$(TARGET_NAME)";
				SWIFT_EMIT_LOC_STRINGS = YES;
				SWIFT_VERSION = 5.0;
				TARGETED_DEVICE_FAMILY = "1,2";
			};
			name = Release;
		};
/* End XCBuildConfiguration section */

/* Begin XCConfigurationList section */
		99BE55A32CA78E2600F3DAB6 /* Build configuration list for PBXProject "Spotz" */ = {
			isa = XCConfigurationList;
			buildConfigurations = (
				99BE55B42CA78E2800F3DAB6 /* Debug */,
				99BE55B52CA78E2800F3DAB6 /* Release */,
			);
			defaultConfigurationIsVisible = 0;
			defaultConfigurationName = Release;
		};
		99BE55B62CA78E2800F3DAB6 /* Build configuration list for PBXNativeTarget "Spotz" */ = {
			isa = XCConfigurationList;
			buildConfigurations = (
				99BE55B72CA78E2800F3DAB6 /* Debug */,
				99BE55B82CA78E2800F3DAB6 /* Release */,
			);
			defaultConfigurationIsVisible = 0;
			defaultConfigurationName = Release;
		};
/* End XCConfigurationList section */
	};
	rootObject = 99BE55A02CA78E2600F3DAB6 /* Project object */;
}
